
Microsoft Visual Studio Solution File, Format Version 12.00
# Visual Studio 2012
# SharpDevelop 5.1
VisualStudioVersion = 15.0.26430.6
MinimumVisualStudioVersion = 10.0.40219.1
Project("{FAE04EC0-301F-11D3-BF4B-00C04F79EFBC}") = "ImageFrame", "ImageFrame\ImageFrame.csproj", "{839E8026-01FA-425D-8812-B9C5355840EA}"
EndProject
Project("{FAE04EC0-301F-11D3-BF4B-00C04F79EFBC}") = "LibPanes", "SpritePane\LibPanes.csproj", "{B323627E-42A1-4BA6-9A20-78A427FDC725}"
EndProject
Global
	GlobalSection(SolutionConfigurationPlatforms) = preSolution
		Debug|Any CPU = Debug|Any CPU
		Release|Any CPU = Release|Any CPU
	EndGlobalSection
	GlobalSection(ProjectConfigurationPlatforms) = postSolution
		{839E8026-01FA-425D-8812-B9C5355840EA}.Debug|Any CPU.ActiveCfg = Debug|Any CPU
		{839E8026-01FA-425D-8812-B9C5355840EA}.Debug|Any CPU.Build.0 = Debug|Any CPU
		{839E8026-01FA-425D-8812-B9C5355840EA}.Release|Any CPU.ActiveCfg = Release|Any CPU
		{839E8026-01FA-425D-8812-B9C5355840EA}.Release|Any CPU.Build.0 = Release|Any CPU
		{B323627E-42A1-4BA6-9A20-78A427FDC725}.Debug|Any CPU.ActiveCfg = Debug|Any CPU
		{B323627E-42A1-4BA6-9A20-78A427FDC725}.Debug|Any CPU.Build.0 = Debug|Any CPU
		{B323627E-42A1-4BA6-9A20-78A427FDC725}.Release|Any CPU.ActiveCfg = Release|Any CPU
		{B323627E-42A1-4BA6-9A20-78A427FDC725}.Release|Any CPU.Build.0 = Release|Any CPU
	EndGlobalSection
	GlobalSection(SolutionProperties) = preSolution
		HideSolutionNode = FALSE
	EndGlobalSection
EndGlobal
